// !$*UTF8*$!
{
	archiveVersion = 1;
	classes = {
	};
	objectVersion = 56;
	objects = {

/* Begin PBXBuildFile section */
		371581732A4D81F4004609B5 /* Networking.swift in Sources */ = {isa = PBXBuildFile; fileRef = 371581722A4D81F4004609B5 /* Networking.swift */; };
		371581772A4D820B004609B5 /* QuizzLoader.swift in Sources */ = {isa = PBXBuildFile; fileRef = 371581762A4D820B004609B5 /* QuizzLoader.swift */; };
		3715817A2A4D83B6004609B5 /* QuizzResponse.swift in Sources */ = {isa = PBXBuildFile; fileRef = 371581792A4D83B6004609B5 /* QuizzResponse.swift */; };
		3715817D2A4D9616004609B5 /* LevelViewModel.swift in Sources */ = {isa = PBXBuildFile; fileRef = 3715817C2A4D9616004609B5 /* LevelViewModel.swift */; };
		3715817F2A4D9CB4004609B5 /* QuizzTableViewCell.swift in Sources */ = {isa = PBXBuildFile; fileRef = 3715817E2A4D9CB4004609B5 /* QuizzTableViewCell.swift */; };
		371581812A4DA0F1004609B5 /* QuizzTableViewCellViewModel.swift in Sources */ = {isa = PBXBuildFile; fileRef = 371581802A4DA0F1004609B5 /* QuizzTableViewCellViewModel.swift */; };
		3725BFC52A4DC1D900F46136 /* LevelTableViewCell.swift in Sources */ = {isa = PBXBuildFile; fileRef = 3725BFC42A4DC1D900F46136 /* LevelTableViewCell.swift */; };
		3725BFC72A4DC77E00F46136 /* LevelTableViewCellViewModel.swift in Sources */ = {isa = PBXBuildFile; fileRef = 3725BFC62A4DC77E00F46136 /* LevelTableViewCellViewModel.swift */; };
		3725BFC92A4DC9B900F46136 /* LevelData.swift in Sources */ = {isa = PBXBuildFile; fileRef = 3725BFC82A4DC9B900F46136 /* LevelData.swift */; };
		37ACE3532A4C24FB00128F85 /* AppDelegate.swift in Sources */ = {isa = PBXBuildFile; fileRef = 37ACE3522A4C24FB00128F85 /* AppDelegate.swift */; };
		37ACE3552A4C24FB00128F85 /* SceneDelegate.swift in Sources */ = {isa = PBXBuildFile; fileRef = 37ACE3542A4C24FB00128F85 /* SceneDelegate.swift */; };
		37ACE3572A4C24FB00128F85 /* LevelViewController.swift in Sources */ = {isa = PBXBuildFile; fileRef = 37ACE3562A4C24FB00128F85 /* LevelViewController.swift */; };
		37ACE35C2A4C24FD00128F85 /* Assets.xcassets in Resources */ = {isa = PBXBuildFile; fileRef = 37ACE35B2A4C24FD00128F85 /* Assets.xcassets */; };
		37ACE35F2A4C24FD00128F85 /* LaunchScreen.storyboard in Resources */ = {isa = PBXBuildFile; fileRef = 37ACE35D2A4C24FD00128F85 /* LaunchScreen.storyboard */; };
		37D344932A4ED2AE00405C9B /* LevelTableViewHeaderView.swift in Sources */ = {isa = PBXBuildFile; fileRef = 37D344922A4ED2AE00405C9B /* LevelTableViewHeaderView.swift */; };
		37D344962A4EE89700405C9B /* CheckpointViewModel.swift in Sources */ = {isa = PBXBuildFile; fileRef = 37D344952A4EE89700405C9B /* CheckpointViewModel.swift */; };
		37D344982A4EE8B500405C9B /* CheckpointViewController.swift in Sources */ = {isa = PBXBuildFile; fileRef = 37D344972A4EE8B500405C9B /* CheckpointViewController.swift */; };
/* End PBXBuildFile section */

/* Begin PBXFileReference section */
		371581722A4D81F4004609B5 /* Networking.swift */ = {isa = PBXFileReference; lastKnownFileType = sourcecode.swift; path = Networking.swift; sourceTree = "<group>"; };
		371581762A4D820B004609B5 /* QuizzLoader.swift */ = {isa = PBXFileReference; lastKnownFileType = sourcecode.swift; path = QuizzLoader.swift; sourceTree = "<group>"; };
		371581792A4D83B6004609B5 /* QuizzResponse.swift */ = {isa = PBXFileReference; lastKnownFileType = sourcecode.swift; path = QuizzResponse.swift; sourceTree = "<group>"; };
		3715817C2A4D9616004609B5 /* LevelViewModel.swift */ = {isa = PBXFileReference; lastKnownFileType = sourcecode.swift; path = LevelViewModel.swift; sourceTree = "<group>"; };
		3715817E2A4D9CB4004609B5 /* QuizzTableViewCell.swift */ = {isa = PBXFileReference; lastKnownFileType = sourcecode.swift; path = QuizzTableViewCell.swift; sourceTree = "<group>"; };
		371581802A4DA0F1004609B5 /* QuizzTableViewCellViewModel.swift */ = {isa = PBXFileReference; lastKnownFileType = sourcecode.swift; path = QuizzTableViewCellViewModel.swift; sourceTree = "<group>"; };
		3725BFC42A4DC1D900F46136 /* LevelTableViewCell.swift */ = {isa = PBXFileReference; lastKnownFileType = sourcecode.swift; path = LevelTableViewCell.swift; sourceTree = "<group>"; };
		3725BFC62A4DC77E00F46136 /* LevelTableViewCellViewModel.swift */ = {isa = PBXFileReference; lastKnownFileType = sourcecode.swift; path = LevelTableViewCellViewModel.swift; sourceTree = "<group>"; };
		3725BFC82A4DC9B900F46136 /* LevelData.swift */ = {isa = PBXFileReference; lastKnownFileType = sourcecode.swift; path = LevelData.swift; sourceTree = "<group>"; };
		37ACE34F2A4C24FB00128F85 /* Queazzy.app */ = {isa = PBXFileReference; explicitFileType = wrapper.application; includeInIndex = 0; path = Queazzy.app; sourceTree = BUILT_PRODUCTS_DIR; };
		37ACE3522A4C24FB00128F85 /* AppDelegate.swift */ = {isa = PBXFileReference; lastKnownFileType = sourcecode.swift; path = AppDelegate.swift; sourceTree = "<group>"; };
		37ACE3542A4C24FB00128F85 /* SceneDelegate.swift */ = {isa = PBXFileReference; lastKnownFileType = sourcecode.swift; path = SceneDelegate.swift; sourceTree = "<group>"; };
		37ACE3562A4C24FB00128F85 /* LevelViewController.swift */ = {isa = PBXFileReference; lastKnownFileType = sourcecode.swift; path = LevelViewController.swift; sourceTree = "<group>"; };
		37ACE35B2A4C24FD00128F85 /* Assets.xcassets */ = {isa = PBXFileReference; lastKnownFileType = folder.assetcatalog; path = Assets.xcassets; sourceTree = "<group>"; };
		37ACE35E2A4C24FD00128F85 /* Base */ = {isa = PBXFileReference; lastKnownFileType = file.storyboard; name = Base; path = Base.lproj/LaunchScreen.storyboard; sourceTree = "<group>"; };
		37ACE3602A4C24FD00128F85 /* Info.plist */ = {isa = PBXFileReference; lastKnownFileType = text.plist.xml; path = Info.plist; sourceTree = "<group>"; };
		37D344922A4ED2AE00405C9B /* LevelTableViewHeaderView.swift */ = {isa = PBXFileReference; lastKnownFileType = sourcecode.swift; path = LevelTableViewHeaderView.swift; sourceTree = "<group>"; };
		37D344952A4EE89700405C9B /* CheckpointViewModel.swift */ = {isa = PBXFileReference; lastKnownFileType = sourcecode.swift; path = CheckpointViewModel.swift; sourceTree = "<group>"; };
		37D344972A4EE8B500405C9B /* CheckpointViewController.swift */ = {isa = PBXFileReference; lastKnownFileType = sourcecode.swift; path = CheckpointViewController.swift; sourceTree = "<group>"; };
/* End PBXFileReference section */

/* Begin PBXFrameworksBuildPhase section */
		37ACE34C2A4C24FB00128F85 /* Frameworks */ = {
			isa = PBXFrameworksBuildPhase;
			buildActionMask = 2147483647;
			files = (
			);
			runOnlyForDeploymentPostprocessing = 0;
		};
/* End PBXFrameworksBuildPhase section */

/* Begin PBXGroup section */
		371581712A4D81E5004609B5 /* Networking */ = {
			isa = PBXGroup;
			children = (
				371581722A4D81F4004609B5 /* Networking.swift */,
				371581762A4D820B004609B5 /* QuizzLoader.swift */,
			);
			path = Networking;
			sourceTree = "<group>";
		};
		371581782A4D83A7004609B5 /* DataModel */ = {
			isa = PBXGroup;
			children = (
				371581792A4D83B6004609B5 /* QuizzResponse.swift */,
				3725BFC82A4DC9B900F46136 /* LevelData.swift */,
			);
			path = DataModel;
			sourceTree = "<group>";
		};
		3715817B2A4D95FE004609B5 /* Quizz */ = {
			isa = PBXGroup;
			children = (
				371581802A4DA0F1004609B5 /* QuizzTableViewCellViewModel.swift */,
				3715817E2A4D9CB4004609B5 /* QuizzTableViewCell.swift */,
			);
			path = Quizz;
			sourceTree = "<group>";
		};
		3725BFC32A4DC02000F46136 /* Level */ = {
			isa = PBXGroup;
			children = (
				3715817C2A4D9616004609B5 /* LevelViewModel.swift */,
				37D344922A4ED2AE00405C9B /* LevelTableViewHeaderView.swift */,
				37ACE3562A4C24FB00128F85 /* LevelViewController.swift */,
				3725BFC62A4DC77E00F46136 /* LevelTableViewCellViewModel.swift */,
				3725BFC42A4DC1D900F46136 /* LevelTableViewCell.swift */,
			);
			path = Level;
			sourceTree = "<group>";
		};
		37ACE3462A4C24FB00128F85 = {
			isa = PBXGroup;
			children = (
				37ACE3512A4C24FB00128F85 /* Queazzy */,
				37ACE3662A4C250800128F85 /* Ressources */,
				371581712A4D81E5004609B5 /* Networking */,
				371581782A4D83A7004609B5 /* DataModel */,
				3725BFC32A4DC02000F46136 /* Level */,
				37D344942A4EE5EF00405C9B /* Checkpoint */,
				3715817B2A4D95FE004609B5 /* Quizz */,
				37ACE3502A4C24FB00128F85 /* Products */,
			);
			sourceTree = "<group>";
		};
		37ACE3502A4C24FB00128F85 /* Products */ = {
			isa = PBXGroup;
			children = (
				37ACE34F2A4C24FB00128F85 /* Queazzy.app */,
			);
			name = Products;
			sourceTree = "<group>";
		};
		37ACE3512A4C24FB00128F85 /* Queazzy */ = {
			isa = PBXGroup;
			children = (
				37ACE3602A4C24FD00128F85 /* Info.plist */,
			);
			path = Queazzy;
			sourceTree = "<group>";
		};
		37ACE3662A4C250800128F85 /* Ressources */ = {
			isa = PBXGroup;
			children = (
				37ACE3522A4C24FB00128F85 /* AppDelegate.swift */,
				37ACE3542A4C24FB00128F85 /* SceneDelegate.swift */,
				37ACE35B2A4C24FD00128F85 /* Assets.xcassets */,
				37ACE35D2A4C24FD00128F85 /* LaunchScreen.storyboard */,
			);
			path = Ressources;
			sourceTree = "<group>";
		};
		37D344942A4EE5EF00405C9B /* Checkpoint */ = {
			isa = PBXGroup;
			children = (
				37D344952A4EE89700405C9B /* CheckpointViewModel.swift */,
				37D344972A4EE8B500405C9B /* CheckpointViewController.swift */,
			);
			path = Checkpoint;
			sourceTree = "<group>";
		};
/* End PBXGroup section */

/* Begin PBXNativeTarget section */
		37ACE34E2A4C24FB00128F85 /* Queazzy */ = {
			isa = PBXNativeTarget;
			buildConfigurationList = 37ACE3632A4C24FD00128F85 /* Build configuration list for PBXNativeTarget "Queazzy" */;
			buildPhases = (
				37ACE34B2A4C24FB00128F85 /* Sources */,
				37ACE34C2A4C24FB00128F85 /* Frameworks */,
				37ACE34D2A4C24FB00128F85 /* Resources */,
			);
			buildRules = (
			);
			dependencies = (
			);
			name = Queazzy;
			productName = QuizzApp;
			productReference = 37ACE34F2A4C24FB00128F85 /* Queazzy.app */;
			productType = "com.apple.product-type.application";
		};
/* End PBXNativeTarget section */

/* Begin PBXProject section */
		37ACE3472A4C24FB00128F85 /* Project object */ = {
			isa = PBXProject;
			attributes = {
				BuildIndependentTargetsInParallel = 1;
				LastSwiftUpdateCheck = 1430;
				LastUpgradeCheck = 1430;
				TargetAttributes = {
					37ACE34E2A4C24FB00128F85 = {
						CreatedOnToolsVersion = 14.3.1;
					};
				};
			};
			buildConfigurationList = 37ACE34A2A4C24FB00128F85 /* Build configuration list for PBXProject "Queazzy" */;
			compatibilityVersion = "Xcode 14.0";
			developmentRegion = en;
			hasScannedForEncodings = 0;
			knownRegions = (
				en,
				Base,
			);
			mainGroup = 37ACE3462A4C24FB00128F85;
			productRefGroup = 37ACE3502A4C24FB00128F85 /* Products */;
			projectDirPath = "";
			projectRoot = "";
			targets = (
				37ACE34E2A4C24FB00128F85 /* Queazzy */,
			);
		};
/* End PBXProject section */

/* Begin PBXResourcesBuildPhase section */
		37ACE34D2A4C24FB00128F85 /* Resources */ = {
			isa = PBXResourcesBuildPhase;
			buildActionMask = 2147483647;
			files = (
				37ACE35F2A4C24FD00128F85 /* LaunchScreen.storyboard in Resources */,
				37ACE35C2A4C24FD00128F85 /* Assets.xcassets in Resources */,
			);
			runOnlyForDeploymentPostprocessing = 0;
		};
/* End PBXResourcesBuildPhase section */

/* Begin PBXSourcesBuildPhase section */
		37ACE34B2A4C24FB00128F85 /* Sources */ = {
			isa = PBXSourcesBuildPhase;
			buildActionMask = 2147483647;
			files = (
				3725BFC92A4DC9B900F46136 /* LevelData.swift in Sources */,
				371581772A4D820B004609B5 /* QuizzLoader.swift in Sources */,
				37ACE3572A4C24FB00128F85 /* LevelViewController.swift in Sources */,
				37ACE3532A4C24FB00128F85 /* AppDelegate.swift in Sources */,
				37D344982A4EE8B500405C9B /* CheckpointViewController.swift in Sources */,
				3715817F2A4D9CB4004609B5 /* QuizzTableViewCell.swift in Sources */,
				3725BFC52A4DC1D900F46136 /* LevelTableViewCell.swift in Sources */,
				3715817D2A4D9616004609B5 /* LevelViewModel.swift in Sources */,
				3715817A2A4D83B6004609B5 /* QuizzResponse.swift in Sources */,
				37D344962A4EE89700405C9B /* CheckpointViewModel.swift in Sources */,
				37ACE3552A4C24FB00128F85 /* SceneDelegate.swift in Sources */,
				371581812A4DA0F1004609B5 /* QuizzTableViewCellViewModel.swift in Sources */,
				37D344932A4ED2AE00405C9B /* LevelTableViewHeaderView.swift in Sources */,
				371581732A4D81F4004609B5 /* Networking.swift in Sources */,
				3725BFC72A4DC77E00F46136 /* LevelTableViewCellViewModel.swift in Sources */,
			);
			runOnlyForDeploymentPostprocessing = 0;
		};
/* End PBXSourcesBuildPhase section */

/* Begin PBXVariantGroup section */
		37ACE35D2A4C24FD00128F85 /* LaunchScreen.storyboard */ = {
			isa = PBXVariantGroup;
			children = (
				37ACE35E2A4C24FD00128F85 /* Base */,
			);
			name = LaunchScreen.storyboard;
			sourceTree = "<group>";
		};
/* End PBXVariantGroup section */

/* Begin XCBuildConfiguration section */
		37ACE3612A4C24FD00128F85 /* Debug */ = {
			isa = XCBuildConfiguration;
			buildSettings = {
				ALWAYS_SEARCH_USER_PATHS = NO;
				CLANG_ANALYZER_NONNULL = YES;
				CLANG_ANALYZER_NUMBER_OBJECT_CONVERSION = YES_AGGRESSIVE;
				CLANG_CXX_LANGUAGE_STANDARD = "gnu++20";
				CLANG_ENABLE_MODULES = YES;
				CLANG_ENABLE_OBJC_ARC = YES;
				CLANG_ENABLE_OBJC_WEAK = YES;
				CLANG_WARN_BLOCK_CAPTURE_AUTORELEASING = YES;
				CLANG_WARN_BOOL_CONVERSION = YES;
				CLANG_WARN_COMMA = YES;
				CLANG_WARN_CONSTANT_CONVERSION = YES;
				CLANG_WARN_DEPRECATED_OBJC_IMPLEMENTATIONS = YES;
				CLANG_WARN_DIRECT_OBJC_ISA_USAGE = YES_ERROR;
				CLANG_WARN_DOCUMENTATION_COMMENTS = YES;
				CLANG_WARN_EMPTY_BODY = YES;
				CLANG_WARN_ENUM_CONVERSION = YES;
				CLANG_WARN_INFINITE_RECURSION = YES;
				CLANG_WARN_INT_CONVERSION = YES;
				CLANG_WARN_NON_LITERAL_NULL_CONVERSION = YES;
				CLANG_WARN_OBJC_IMPLICIT_RETAIN_SELF = YES;
				CLANG_WARN_OBJC_LITERAL_CONVERSION = YES;
				CLANG_WARN_OBJC_ROOT_CLASS = YES_ERROR;
				CLANG_WARN_QUOTED_INCLUDE_IN_FRAMEWORK_HEADER = YES;
				CLANG_WARN_RANGE_LOOP_ANALYSIS = YES;
				CLANG_WARN_STRICT_PROTOTYPES = YES;
				CLANG_WARN_SUSPICIOUS_MOVE = YES;
				CLANG_WARN_UNGUARDED_AVAILABILITY = YES_AGGRESSIVE;
				CLANG_WARN_UNREACHABLE_CODE = YES;
				CLANG_WARN__DUPLICATE_METHOD_MATCH = YES;
				COPY_PHASE_STRIP = NO;
				DEBUG_INFORMATION_FORMAT = dwarf;
				ENABLE_STRICT_OBJC_MSGSEND = YES;
				ENABLE_TESTABILITY = YES;
				GCC_C_LANGUAGE_STANDARD = gnu11;
				GCC_DYNAMIC_NO_PIC = NO;
				GCC_NO_COMMON_BLOCKS = YES;
				GCC_OPTIMIZATION_LEVEL = 0;
				GCC_PREPROCESSOR_DEFINITIONS = (
					"DEBUG=1",
					"$(inherited)",
				);
				GCC_WARN_64_TO_32_BIT_CONVERSION = YES;
				GCC_WARN_ABOUT_RETURN_TYPE = YES_ERROR;
				GCC_WARN_UNDECLARED_SELECTOR = YES;
				GCC_WARN_UNINITIALIZED_AUTOS = YES_AGGRESSIVE;
				GCC_WARN_UNUSED_FUNCTION = YES;
				GCC_WARN_UNUSED_VARIABLE = YES;
				IPHONEOS_DEPLOYMENT_TARGET = 16.4;
				MTL_ENABLE_DEBUG_INFO = INCLUDE_SOURCE;
				MTL_FAST_MATH = YES;
				ONLY_ACTIVE_ARCH = YES;
				SDKROOT = iphoneos;
				SWIFT_ACTIVE_COMPILATION_CONDITIONS = DEBUG;
				SWIFT_OPTIMIZATION_LEVEL = "-Onone";
			};
			name = Debug;
		};
		37ACE3622A4C24FD00128F85 /* Release */ = {
			isa = XCBuildConfiguration;
			buildSettings = {
				ALWAYS_SEARCH_USER_PATHS = NO;
				CLANG_ANALYZER_NONNULL = YES;
				CLANG_ANALYZER_NUMBER_OBJECT_CONVERSION = YES_AGGRESSIVE;
				CLANG_CXX_LANGUAGE_STANDARD = "gnu++20";
				CLANG_ENABLE_MODULES = YES;
				CLANG_ENABLE_OBJC_ARC = YES;
				CLANG_ENABLE_OBJC_WEAK = YES;
				CLANG_WARN_BLOCK_CAPTURE_AUTORELEASING = YES;
				CLANG_WARN_BOOL_CONVERSION = YES;
				CLANG_WARN_COMMA = YES;
				CLANG_WARN_CONSTANT_CONVERSION = YES;
				CLANG_WARN_DEPRECATED_OBJC_IMPLEMENTATIONS = YES;
				CLANG_WARN_DIRECT_OBJC_ISA_USAGE = YES_ERROR;
				CLANG_WARN_DOCUMENTATION_COMMENTS = YES;
				CLANG_WARN_EMPTY_BODY = YES;
				CLANG_WARN_ENUM_CONVERSION = YES;
				CLANG_WARN_INFINITE_RECURSION = YES;
				CLANG_WARN_INT_CONVERSION = YES;
				CLANG_WARN_NON_LITERAL_NULL_CONVERSION = YES;
				CLANG_WARN_OBJC_IMPLICIT_RETAIN_SELF = YES;
				CLANG_WARN_OBJC_LITERAL_CONVERSION = YES;
				CLANG_WARN_OBJC_ROOT_CLASS = YES_ERROR;
				CLANG_WARN_QUOTED_INCLUDE_IN_FRAMEWORK_HEADER = YES;
				CLANG_WARN_RANGE_LOOP_ANALYSIS = YES;
				CLANG_WARN_STRICT_PROTOTYPES = YES;
				CLANG_WARN_SUSPICIOUS_MOVE = YES;
				CLANG_WARN_UNGUARDED_AVAILABILITY = YES_AGGRESSIVE;
				CLANG_WARN_UNREACHABLE_CODE = YES;
				CLANG_WARN__DUPLICATE_METHOD_MATCH = YES;
				COPY_PHASE_STRIP = NO;
				DEBUG_INFORMATION_FORMAT = "dwarf-with-dsym";
				ENABLE_NS_ASSERTIONS = NO;
				ENABLE_STRICT_OBJC_MSGSEND = YES;
				GCC_C_LANGUAGE_STANDARD = gnu11;
				GCC_NO_COMMON_BLOCKS = YES;
				GCC_WARN_64_TO_32_BIT_CONVERSION = YES;
				GCC_WARN_ABOUT_RETURN_TYPE = YES_ERROR;
				GCC_WARN_UNDECLARED_SELECTOR = YES;
				GCC_WARN_UNINITIALIZED_AUTOS = YES_AGGRESSIVE;
				GCC_WARN_UNUSED_FUNCTION = YES;
				GCC_WARN_UNUSED_VARIABLE = YES;
				IPHONEOS_DEPLOYMENT_TARGET = 16.4;
				MTL_ENABLE_DEBUG_INFO = NO;
				MTL_FAST_MATH = YES;
				SDKROOT = iphoneos;
				SWIFT_COMPILATION_MODE = wholemodule;
				SWIFT_OPTIMIZATION_LEVEL = "-O";
				VALIDATE_PRODUCT = YES;
			};
			name = Release;
		};
		37ACE3642A4C24FD00128F85 /* Debug */ = {
			isa = XCBuildConfiguration;
			buildSettings = {
				ASSETCATALOG_COMPILER_APPICON_NAME = AppIcon;
				ASSETCATALOG_COMPILER_GLOBAL_ACCENT_COLOR_NAME = AccentColor;
				CODE_SIGN_STYLE = Automatic;
				CURRENT_PROJECT_VERSION = 1;
				DEVELOPMENT_TEAM = 78PX5NWF8H;
				GENERATE_INFOPLIST_FILE = YES;
				INFOPLIST_FILE = Queazzy/Info.plist;
				INFOPLIST_KEY_UIApplicationSupportsIndirectInputEvents = YES;
				INFOPLIST_KEY_UILaunchStoryboardName = LaunchScreen;
				INFOPLIST_KEY_UISupportedInterfaceOrientations_iPad = "UIInterfaceOrientationPortrait UIInterfaceOrientationPortraitUpsideDown UIInterfaceOrientationLandscapeLeft UIInterfaceOrientationLandscapeRight";
				INFOPLIST_KEY_UISupportedInterfaceOrientations_iPhone = "UIInterfaceOrientationPortrait UIInterfaceOrientationLandscapeLeft UIInterfaceOrientationLandscapeRight";
				LD_RUNPATH_SEARCH_PATHS = (
					"$(inherited)",
					"@executable_path/Frameworks",
				);
				MARKETING_VERSION = 1.0;
				PRODUCT_BUNDLE_IDENTIFIER = com.PayanMickael.Queazzy;
				PRODUCT_NAME = "$(TARGET_NAME)";
				SWIFT_EMIT_LOC_STRINGS = YES;
				SWIFT_VERSION = 5.0;
				TARGETED_DEVICE_FAMILY = "1,2";
			};
			name = Debug;
		};
		37ACE3652A4C24FD00128F85 /* Release */ = {
			isa = XCBuildConfiguration;
			buildSettings = {
				ASSETCATALOG_COMPILER_APPICON_NAME = AppIcon;
				ASSETCATALOG_COMPILER_GLOBAL_ACCENT_COLOR_NAME = AccentColor;
				CODE_SIGN_STYLE = Automatic;
				CURRENT_PROJECT_VERSION = 1;
				DEVELOPMENT_TEAM = 78PX5NWF8H;
				GENERATE_INFOPLIST_FILE = YES;
				INFOPLIST_FILE = Queazzy/Info.plist;
				INFOPLIST_KEY_UIApplicationSupportsIndirectInputEvents = YES;
				INFOPLIST_KEY_UILaunchStoryboardName = LaunchScreen;
				INFOPLIST_KEY_UISupportedInterfaceOrientations_iPad = "UIInterfaceOrientationPortrait UIInterfaceOrientationPortraitUpsideDown UIInterfaceOrientationLandscapeLeft UIInterfaceOrientationLandscapeRight";
				INFOPLIST_KEY_UISupportedInterfaceOrientations_iPhone = "UIInterfaceOrientationPortrait UIInterfaceOrientationLandscapeLeft UIInterfaceOrientationLandscapeRight";
				LD_RUNPATH_SEARCH_PATHS = (
					"$(inherited)",
					"@executable_path/Frameworks",
				);
				MARKETING_VERSION = 1.0;
				PRODUCT_BUNDLE_IDENTIFIER = com.PayanMickael.Queazzy;
				PRODUCT_NAME = "$(TARGET_NAME)";
				SWIFT_EMIT_LOC_STRINGS = YES;
				SWIFT_VERSION = 5.0;
				TARGETED_DEVICE_FAMILY = "1,2";
			};
			name = Release;
		};
/* End XCBuildConfiguration section */

/* Begin XCConfigurationList section */
		37ACE34A2A4C24FB00128F85 /* Build configuration list for PBXProject "Queazzy" */ = {
			isa = XCConfigurationList;
			buildConfigurations = (
				37ACE3612A4C24FD00128F85 /* Debug */,
				37ACE3622A4C24FD00128F85 /* Release */,
			);
			defaultConfigurationIsVisible = 0;
			defaultConfigurationName = Release;
		};
		37ACE3632A4C24FD00128F85 /* Build configuration list for PBXNativeTarget "Queazzy" */ = {
			isa = XCConfigurationList;
			buildConfigurations = (
				37ACE3642A4C24FD00128F85 /* Debug */,
				37ACE3652A4C24FD00128F85 /* Release */,
			);
			defaultConfigurationIsVisible = 0;
			defaultConfigurationName = Release;
		};
/* End XCConfigurationList section */
	};
	rootObject = 37ACE3472A4C24FB00128F85 /* Project object */;
}
